{"agent":{"binary_sha256":"176298621e79b2ac9179c4dcdabbfadc1cead487d373aa78eae38e8ad739d2de","name":"codex","support_sha256":"373cbfb0443e458605264f3bf51b8a00de4ae179358073a44469a467b25f4fcd","version":"0.151.0"},"canaries":{"quiet":{"successes":3,"valid_runs":3},"sample":{"successes":3,"valid_runs":3}},"config_sha256":"c76c59aa75dd1327ccf6830de3952a1abf13c01cbdb63e5fc789b8e5d76db2f0","created_at":"2026-09-15T05:48:53.490569+00:00","model":{"id":"gpt-5.6-terra","reasoning_effort":"high","snapshot":null},"qualock_version":"0.1.1","schema_version":1,"suite_sha256":"3df03d3ee5f4a58d7de5debd86e3234c091ffdab8df251640f4ae743d3218df1"}
